
Microsoft Visual Studio Solution File, Format Version 12.00
# Visual Studio Version 16
VisualStudioVersion = 16.0.29728.190
MinimumVisualStudioVersion = 10.0.40219.1
Project("{9A19103F-16F7-4668-BE54-9A1E7A4F7556}") = "SteamGameStatistics", "src\SteamGameStatistics\SteamGameStatistics.csproj", "{09A16D1C-2B5A-4896-880E-CEB486DB4A91}"
EndProject
Project("{2150E333-8FDC-42A3-9474-1A3956D46DE8}") = "src", "src", "{E4D3B312-2E21-45BD-921E-13E941663A5B}"
EndProject
Project("{2150E333-8FDC-42A3-9474-1A3956D46DE8}") = "SolutionItems", "SolutionItems", "{8D2BDDF9-59D4-4D1A-AE3E-EE3A0881D157}"
	ProjectSection(SolutionItems) = preProject
		README.md = README.md
	EndProjectSection
EndProject
Project("{9A19103F-16F7-4668-BE54-9A1E7A4F7556}") = "SteamGameStatistics.Enums", "src\SteamGameStatistics.Enums\SteamGameStatistics.Enums.csproj", "{A5147062-7579-471A-8A9A-D27AD0420D7D}"
EndProject
Project("{9A19103F-16F7-4668-BE54-9A1E7A4F7556}") = "SteamGameStatistics.Cache", "src\SteamGameStatistics.Cache\SteamGameStatistics.Cache.csproj", "{DCC8FAAD-CAF2-4534-8DFE-C77F0AAF6B8B}"
EndProject
Project("{2150E333-8FDC-42A3-9474-1A3956D46DE8}") = "test", "test", "{16057BA9-7EBD-4FE2-AFD6-2DB38798B432}"
EndProject
Project("{FAE04EC0-301F-11D3-BF4B-00C04F79EFBC}") = "SteamGameStatistics.UnitTests", "test\SteamGameStatistics.UnitTests\SteamGameStatistics.UnitTests.csproj", "{5AD42298-8877-4677-8FBE-6CD62D39CF73}"
EndProject
Project("{FAE04EC0-301F-11D3-BF4B-00C04F79EFBC}") = "SteamGameStatistics.Cache.UnitTests", "test\SteamGameStatistics.Cache.UnitTests\SteamGameStatistics.Cache.UnitTests.csproj", "{4C4DAFB7-D795-4ADA-8F01-832146D715E5}"
EndProject
Global
	GlobalSection(SolutionConfigurationPlatforms) = preSolution
		Debug|Any CPU = Debug|Any CPU
		Release|Any CPU = Release|Any CPU
	EndGlobalSection
	GlobalSection(ProjectConfigurationPlatforms) = postSolution
		{09A16D1C-2B5A-4896-880E-CEB486DB4A91}.Debug|Any CPU.ActiveCfg = Debug|Any CPU
		{09A16D1C-2B5A-4896-880E-CEB486DB4A91}.Debug|Any CPU.Build.0 = Debug|Any CPU
		{09A16D1C-2B5A-4896-880E-CEB486DB4A91}.Release|Any CPU.ActiveCfg = Release|Any CPU
		{09A16D1C-2B5A-4896-880E-CEB486DB4A91}.Release|Any CPU.Build.0 = Release|Any CPU
		{A5147062-7579-471A-8A9A-D27AD0420D7D}.Debug|Any CPU.ActiveCfg = Debug|Any CPU
		{A5147062-7579-471A-8A9A-D27AD0420D7D}.Debug|Any CPU.Build.0 = Debug|Any CPU
		{A5147062-7579-471A-8A9A-D27AD0420D7D}.Release|Any CPU.ActiveCfg = Release|Any CPU
		{A5147062-7579-471A-8A9A-D27AD0420D7D}.Release|Any CPU.Build.0 = Release|Any CPU
		{DCC8FAAD-CAF2-4534-8DFE-C77F0AAF6B8B}.Debug|Any CPU.ActiveCfg = Debug|Any CPU
		{DCC8FAAD-CAF2-4534-8DFE-C77F0AAF6B8B}.Debug|Any CPU.Build.0 = Debug|Any CPU
		{DCC8FAAD-CAF2-4534-8DFE-C77F0AAF6B8B}.Release|Any CPU.ActiveCfg = Release|Any CPU
		{DCC8FAAD-CAF2-4534-8DFE-C77F0AAF6B8B}.Release|Any CPU.Build.0 = Release|Any CPU
		{5AD42298-8877-4677-8FBE-6CD62D39CF73}.Debug|Any CPU.ActiveCfg = Debug|Any CPU
		{5AD42298-8877-4677-8FBE-6CD62D39CF73}.Debug|Any CPU.Build.0 = Debug|Any CPU
		{5AD42298-8877-4677-8FBE-6CD62D39CF73}.Release|Any CPU.ActiveCfg = Release|Any CPU
		{5AD42298-8877-4677-8FBE-6CD62D39CF73}.Release|Any CPU.Build.0 = Release|Any CPU
		{4C4DAFB7-D795-4ADA-8F01-832146D715E5}.Debug|Any CPU.ActiveCfg = Debug|Any CPU
		{4C4DAFB7-D795-4ADA-8F01-832146D715E5}.Debug|Any CPU.Build.0 = Debug|Any CPU
		{4C4DAFB7-D795-4ADA-8F01-832146D715E5}.Release|Any CPU.ActiveCfg = Release|Any CPU
		{4C4DAFB7-D795-4ADA-8F01-832146D715E5}.Release|Any CPU.Build.0 = Release|Any CPU
	EndGlobalSection
	GlobalSection(SolutionProperties) = preSolution
		HideSolutionNode = FALSE
	EndGlobalSection
	GlobalSection(NestedProjects) = preSolution
		{09A16D1C-2B5A-4896-880E-CEB486DB4A91} = {E4D3B312-2E21-45BD-921E-13E941663A5B}
		{A5147062-7579-471A-8A9A-D27AD0420D7D} = {E4D3B312-2E21-45BD-921E-13E941663A5B}
		{DCC8FAAD-CAF2-4534-8DFE-C77F0AAF6B8B} = {E4D3B312-2E21-45BD-921E-13E941663A5B}
		{5AD42298-8877-4677-8FBE-6CD62D39CF73} = {16057BA9-7EBD-4FE2-AFD6-2DB38798B432}
		{4C4DAFB7-D795-4ADA-8F01-832146D715E5} = {16057BA9-7EBD-4FE2-AFD6-2DB38798B432}
	EndGlobalSection
	GlobalSection(ExtensibilityGlobals) = postSolution
		SolutionGuid = {A9C1ECB1-FA8A-4FDA-8FBD-017AAF682EAE}
	EndGlobalSection
EndGlobal
